
Microsoft Visual Studio Solution File, Format Version 12.00
# Visual Studio Version 17
VisualStudioVersion = 17.3.32922.545
MinimumVisualStudioVersion = 10.0.40219.1
Project("{FAE04EC0-301F-11D3-BF4B-00C04F79EFBC}") = "ConsoleApp_4_2_form", "ConsoleApp_4_2_form\ConsoleApp_4_2_form.csproj", "{7FE76EB8-4AF4-4E5D-B516-8B3020B69884}"
EndProject
Global
	GlobalSection(SolutionConfigurationPlatforms) = preSolution
		Debug|Any CPU = Debug|Any CPU
		Release|Any CPU = Release|Any CPU
	EndGlobalSection
	GlobalSection(ProjectConfigurationPlatforms) = postSolution
		{7FE76EB8-4AF4-4E5D-B516-8B3020B69884}.Debug|Any CPU.ActiveCfg = Debug|Any CPU
		{7FE76EB8-4AF4-4E5D-B516-8B3020B69884}.Debug|Any CPU.Build.0 = Debug|Any CPU
		{7FE76EB8-4AF4-4E5D-B516-8B3020B69884}.Release|Any CPU.ActiveCfg = Release|Any CPU
		{7FE76EB8-4AF4-4E5D-B516-8B3020B69884}.Release|Any CPU.Build.0 = Release|Any CPU
	EndGlobalSection
	GlobalSection(SolutionProperties) = preSolution
		HideSolutionNode = FALSE
	EndGlobalSection
	GlobalSection(ExtensibilityGlobals) = postSolution
		SolutionGuid = {BB2375E7-FC2E-410A-BE54-D4AAB6A4A49A}
	EndGlobalSection
EndGlobal
